
Microsoft Visual Studio Solution File, Format Version 12.00
# Visual Studio Version 16
VisualStudioVersion = 16.0.30114.105
MinimumVisualStudioVersion = 10.0.40219.1
Project("{FAE04EC0-301F-11D3-BF4B-00C04F79EFBC}") = "BreakExercises.Data", "BreakExercises.UI\BreakExercises.Data.csproj", "{CA39DAE6-C759-4156-A351-B71DC245EAEE}"
EndProject
Global
	GlobalSection(SolutionConfigurationPlatforms) = preSolution
		Debug|Any CPU = Debug|Any CPU
		Release|Any CPU = Release|Any CPU
	EndGlobalSection
	GlobalSection(SolutionProperties) = preSolution
		HideSolutionNode = FALSE
	EndGlobalSection
	GlobalSection(ProjectConfigurationPlatforms) = postSolution
		{CA39DAE6-C759-4156-A351-B71DC245EAEE}.Debug|Any CPU.ActiveCfg = Debug|Any CPU
		{CA39DAE6-C759-4156-A351-B71DC245EAEE}.Debug|Any CPU.Build.0 = Debug|Any CPU
		{CA39DAE6-C759-4156-A351-B71DC245EAEE}.Release|Any CPU.ActiveCfg = Release|Any CPU
		{CA39DAE6-C759-4156-A351-B71DC245EAEE}.Release|Any CPU.Build.0 = Release|Any CPU
	EndGlobalSection
EndGlobal
